
Microsoft Visual Studio Solution File, Format Version 12.00
# Visual Studio Version 16
VisualStudioVersion = 16.0.30503.244
MinimumVisualStudioVersion = 10.0.40219.1
Project("{FAE04EC0-301F-11D3-BF4B-00C04F79EFBC}") = "Wpf_lab1_SOAP", "Wpf_lab1_SOAP\Wpf_lab1_SOAP.csproj", "{3594D02C-FAF8-43FB-9A99-63C819901825}"
EndProject
Global
	GlobalSection(SolutionConfigurationPlatforms) = preSolution
		Debug|Any CPU = Debug|Any CPU
		Release|Any CPU = Release|Any CPU
	EndGlobalSection
	GlobalSection(ProjectConfigurationPlatforms) = postSolution
		{3594D02C-FAF8-43FB-9A99-63C819901825}.Debug|Any CPU.ActiveCfg = Debug|Any CPU
		{3594D02C-FAF8-43FB-9A99-63C819901825}.Debug|Any CPU.Build.0 = Debug|Any CPU
		{3594D02C-FAF8-43FB-9A99-63C819901825}.Release|Any CPU.ActiveCfg = Release|Any CPU
		{3594D02C-FAF8-43FB-9A99-63C819901825}.Release|Any CPU.Build.0 = Release|Any CPU
	EndGlobalSection
	GlobalSection(SolutionProperties) = preSolution
		HideSolutionNode = FALSE
	EndGlobalSection
	GlobalSection(ExtensibilityGlobals) = postSolution
		SolutionGuid = {A4BDF5F8-FF85-4FD3-9E06-DDBBE4BFC912}
	EndGlobalSection
EndGlobal
